
Microsoft Visual Studio Solution File, Format Version 12.00
# Visual Studio 2013
VisualStudioVersion = 12.0.21005.1
MinimumVisualStudioVersion = 10.0.40219.1
Project("{FAE04EC0-301F-11D3-BF4B-00C04F79EFBC}") = "PE_Problem14", "PE_Problem14.csproj", "{69696890-E43E-4FF7-9908-313D7D29223B}"
EndProject
Global
	GlobalSection(SolutionConfigurationPlatforms) = preSolution
		Debug|Any CPU = Debug|Any CPU
		Release|Any CPU = Release|Any CPU
	EndGlobalSection
	GlobalSection(ProjectConfigurationPlatforms) = postSolution
		{69696890-E43E-4FF7-9908-313D7D29223B}.Debug|Any CPU.ActiveCfg = Debug|Any CPU
		{69696890-E43E-4FF7-9908-313D7D29223B}.Debug|Any CPU.Build.0 = Debug|Any CPU
		{69696890-E43E-4FF7-9908-313D7D29223B}.Release|Any CPU.ActiveCfg = Release|Any CPU
		{69696890-E43E-4FF7-9908-313D7D29223B}.Release|Any CPU.Build.0 = Release|Any CPU
	EndGlobalSection
	GlobalSection(SolutionProperties) = preSolution
		HideSolutionNode = FALSE
	EndGlobalSection
EndGlobal
