
Microsoft Visual Studio Solution File, Format Version 12.00
# Visual Studio 2012
Project("{FAE04EC0-301F-11D3-BF4B-00C04F79EFBC}") = "PE_Problem_11", "PE_Problem_11.csproj", "{64780511-A83B-4C2D-8545-1C0C99B7751A}"
EndProject
Global
	GlobalSection(SolutionConfigurationPlatforms) = preSolution
		Debug|Any CPU = Debug|Any CPU
		Release|Any CPU = Release|Any CPU
	EndGlobalSection
	GlobalSection(ProjectConfigurationPlatforms) = postSolution
		{64780511-A83B-4C2D-8545-1C0C99B7751A}.Debug|Any CPU.ActiveCfg = Debug|Any CPU
		{64780511-A83B-4C2D-8545-1C0C99B7751A}.Debug|Any CPU.Build.0 = Debug|Any CPU
		{64780511-A83B-4C2D-8545-1C0C99B7751A}.Release|Any CPU.ActiveCfg = Release|Any CPU
		{64780511-A83B-4C2D-8545-1C0C99B7751A}.Release|Any CPU.Build.0 = Release|Any CPU
	EndGlobalSection
	GlobalSection(SolutionProperties) = preSolution
		HideSolutionNode = FALSE
	EndGlobalSection
EndGlobal
